
Microsoft Visual Studio Solution File, Format Version 12.00
# Visual Studio 14
VisualStudioVersion = 14.0.25420.1
MinimumVisualStudioVersion = 10.0.40219.1
Project("{FAE04EC0-301F-11D3-BF4B-00C04F79EFBC}") = "MyWeChatWeb", "MyWeChatWeb\MyWeChatWeb.csproj", "{00B1CEB9-4CBC-45A9-BFFD-8AAC0D1A61B2}"
EndProject
Project("{FAE04EC0-301F-11D3-BF4B-00C04F79EFBC}") = "MyWeChatService", "MyWeChatService\MyWeChatService.csproj", "{A19D7E84-954E-4AC2-96BA-49B08D14F216}"
EndProject
Project("{FAE04EC0-301F-11D3-BF4B-00C04F79EFBC}") = "MyWeChatGlobalUtilities", "MyWeChatGlobalUtilities\MyWeChatGlobalUtilities.csproj", "{6124B6D1-94D4-4A66-97DF-C7693A0B6904}"
EndProject
Project("{FAE04EC0-301F-11D3-BF4B-00C04F79EFBC}") = "MyWeChatModel", "MyWeChatModel\MyWeChatModel.csproj", "{E69EB24F-5AF3-4E71-8332-7F331C9F56BE}"
EndProject
Project("{FAE04EC0-301F-11D3-BF4B-00C04F79EFBC}") = "MyWeChatRepository", "MyWeChatRepository\MyWeChatRepository.csproj", "{B6276863-3361-44E8-94F6-ADC7696E002C}"
EndProject
Global
	GlobalSection(SolutionConfigurationPlatforms) = preSolution
		Debug|Any CPU = Debug|Any CPU
		Release|Any CPU = Release|Any CPU
	EndGlobalSection
	GlobalSection(ProjectConfigurationPlatforms) = postSolution
		{00B1CEB9-4CBC-45A9-BFFD-8AAC0D1A61B2}.Debug|Any CPU.ActiveCfg = Debug|Any CPU
		{00B1CEB9-4CBC-45A9-BFFD-8AAC0D1A61B2}.Debug|Any CPU.Build.0 = Debug|Any CPU
		{00B1CEB9-4CBC-45A9-BFFD-8AAC0D1A61B2}.Release|Any CPU.ActiveCfg = Release|Any CPU
		{00B1CEB9-4CBC-45A9-BFFD-8AAC0D1A61B2}.Release|Any CPU.Build.0 = Release|Any CPU
		{A19D7E84-954E-4AC2-96BA-49B08D14F216}.Debug|Any CPU.ActiveCfg = Debug|Any CPU
		{A19D7E84-954E-4AC2-96BA-49B08D14F216}.Debug|Any CPU.Build.0 = Debug|Any CPU
		{A19D7E84-954E-4AC2-96BA-49B08D14F216}.Release|Any CPU.ActiveCfg = Release|Any CPU
		{A19D7E84-954E-4AC2-96BA-49B08D14F216}.Release|Any CPU.Build.0 = Release|Any CPU
		{6124B6D1-94D4-4A66-97DF-C7693A0B6904}.Debug|Any CPU.ActiveCfg = Debug|Any CPU
		{6124B6D1-94D4-4A66-97DF-C7693A0B6904}.Debug|Any CPU.Build.0 = Debug|Any CPU
		{6124B6D1-94D4-4A66-97DF-C7693A0B6904}.Release|Any CPU.ActiveCfg = Release|Any CPU
		{6124B6D1-94D4-4A66-97DF-C7693A0B6904}.Release|Any CPU.Build.0 = Release|Any CPU
		{E69EB24F-5AF3-4E71-8332-7F331C9F56BE}.Debug|Any CPU.ActiveCfg = Debug|Any CPU
		{E69EB24F-5AF3-4E71-8332-7F331C9F56BE}.Debug|Any CPU.Build.0 = Debug|Any CPU
		{E69EB24F-5AF3-4E71-8332-7F331C9F56BE}.Release|Any CPU.ActiveCfg = Release|Any CPU
		{E69EB24F-5AF3-4E71-8332-7F331C9F56BE}.Release|Any CPU.Build.0 = Release|Any CPU
		{B6276863-3361-44E8-94F6-ADC7696E002C}.Debug|Any CPU.ActiveCfg = Debug|Any CPU
		{B6276863-3361-44E8-94F6-ADC7696E002C}.Debug|Any CPU.Build.0 = Debug|Any CPU
		{B6276863-3361-44E8-94F6-ADC7696E002C}.Release|Any CPU.ActiveCfg = Release|Any CPU
		{B6276863-3361-44E8-94F6-ADC7696E002C}.Release|Any CPU.Build.0 = Release|Any CPU
	EndGlobalSection
	GlobalSection(SolutionProperties) = preSolution
		HideSolutionNode = FALSE
	EndGlobalSection
EndGlobal
